{
  "nodes": {
    "flake-utils": {
      "inputs": {
        "systems": "systems"
      },
      "locked": {
        "lastModified": 1731533236,
        "narHash": "sha256-l0KFg5HjrsfsO/JpG+r7fRrqm12kzFHyUHqHCVpMMbI=",
        "owner": "numtide",
        "repo": "flake-utils",
        "rev": "11707dc2f618dd54ca8739b309ec4fc024de578b",
        "type": "github"
      },
      "original": {
        "owner": "numtide",
        "repo": "flake-utils",
        "type": "github"
      }
    },
    "nixpkgs": {
      "locked": {
        "lastModified": 1766840161,
        "narHash": "sha256-Ss/LHpJJsng8vz1Pe33RSGIWUOcqM1fjrehjUkdrWio=",
        "owner": "NixOS",
        "repo": "nixpkgs",
        "rev": "3edc4a30ed3903fdf6f90c837f961fa6b49582d1",
        "type": "github"
      },
      "original": {
        "owner": "NixOS",
        "ref": "nixpkgs-unstable",
        "repo": "nixpkgs",
        "type": "github"
      }
    },
    "ppad-base16": {
      "inputs": {
        "flake-utils": [
          "ppad-bolt3",
          "ppad-bolt1",
          "ppad-base16",
          "ppad-nixpkgs",
          "flake-utils"
        ],
        "nixpkgs": [
          "ppad-bolt3",
          "ppad-bolt1",
          "ppad-base16",
          "ppad-nixpkgs",
          "nixpkgs"
        ],
        "ppad-nixpkgs": [
          "ppad-bolt3",
          "ppad-bolt1",
          "ppad-nixpkgs"
        ]
      },
      "locked": {
        "lastModified": 1780597900,
        "narHash": "sha256-wI9ME6gE+DP+7vLYuWBff3Q9mOM/xX/N0keqJj7dKJQ=",
        "ref": "master",
        "rev": "881ca5128665d5e2207803751054d7d32c4c864c",
        "revCount": 38,
        "type": "git",
        "url": "git://git.ppad.tech/base16.git"
      },
      "original": {
        "ref": "master",
        "type": "git",
        "url": "git://git.ppad.tech/base16.git"
      }
    },
    "ppad-base16_2": {
      "inputs": {
        "flake-utils": [
          "ppad-ripemd160",
          "ppad-base16",
          "ppad-nixpkgs",
          "flake-utils"
        ],
        "nixpkgs": [
          "ppad-ripemd160",
          "ppad-base16",
          "ppad-nixpkgs",
          "nixpkgs"
        ],
        "ppad-nixpkgs": [
          "ppad-ripemd160",
          "ppad-nixpkgs"
        ]
      },
      "locked": {
        "lastModified": 1780597900,
        "narHash": "sha256-wI9ME6gE+DP+7vLYuWBff3Q9mOM/xX/N0keqJj7dKJQ=",
        "ref": "master",
        "rev": "881ca5128665d5e2207803751054d7d32c4c864c",
        "revCount": 38,
        "type": "git",
        "url": "git://git.ppad.tech/base16.git"
      },
      "original": {
        "ref": "master",
        "type": "git",
        "url": "git://git.ppad.tech/base16.git"
      }
    },
    "ppad-base16_3": {
      "inputs": {
        "flake-utils": [
          "ppad-secp256k1",
          "ppad-base16",
          "ppad-nixpkgs",
          "flake-utils"
        ],
        "nixpkgs": [
          "ppad-secp256k1",
          "ppad-base16",
          "ppad-nixpkgs",
          "nixpkgs"
        ],
        "ppad-nixpkgs": [
          "ppad-secp256k1",
          "ppad-nixpkgs"
        ]
      },
      "locked": {
        "lastModified": 1780597900,
        "narHash": "sha256-wI9ME6gE+DP+7vLYuWBff3Q9mOM/xX/N0keqJj7dKJQ=",
        "ref": "master",
        "rev": "881ca5128665d5e2207803751054d7d32c4c864c",
        "revCount": 38,
        "type": "git",
        "url": "git://git.ppad.tech/base16.git"
      },
      "original": {
        "ref": "master",
        "type": "git",
        "url": "git://git.ppad.tech/base16.git"
      }
    },
    "ppad-base16_4": {
      "inputs": {
        "flake-utils": [
          "ppad-sha256",
          "ppad-base16",
          "ppad-nixpkgs",
          "flake-utils"
        ],
        "nixpkgs": [
          "ppad-sha256",
          "ppad-base16",
          "ppad-nixpkgs",
          "nixpkgs"
        ],
        "ppad-nixpkgs": [
          "ppad-sha256",
          "ppad-nixpkgs"
        ]
      },
      "locked": {
        "lastModified": 1780597900,
        "narHash": "sha256-wI9ME6gE+DP+7vLYuWBff3Q9mOM/xX/N0keqJj7dKJQ=",
        "ref": "master",
        "rev": "881ca5128665d5e2207803751054d7d32c4c864c",
        "revCount": 38,
        "type": "git",
        "url": "git://git.ppad.tech/base16.git"
      },
      "original": {
        "ref": "master",
        "type": "git",
        "url": "git://git.ppad.tech/base16.git"
      }
    },
    "ppad-base16_5": {
      "inputs": {
        "flake-utils": [
          "ppad-tx",
          "ppad-base16",
          "ppad-nixpkgs",
          "flake-utils"
        ],
        "nixpkgs": [
          "ppad-tx",
          "ppad-base16",
          "ppad-nixpkgs",
          "nixpkgs"
        ],
        "ppad-nixpkgs": [
          "ppad-tx",
          "ppad-nixpkgs"
        ]
      },
      "locked": {
        "lastModified": 1780597900,
        "narHash": "sha256-wI9ME6gE+DP+7vLYuWBff3Q9mOM/xX/N0keqJj7dKJQ=",
        "ref": "master",
        "rev": "881ca5128665d5e2207803751054d7d32c4c864c",
        "revCount": 38,
        "type": "git",
        "url": "git://git.ppad.tech/base16.git"
      },
      "original": {
        "ref": "master",
        "type": "git",
        "url": "git://git.ppad.tech/base16.git"
      }
    },
    "ppad-bolt1": {
      "inputs": {
        "flake-utils": [
          "ppad-bolt3",
          "ppad-bolt1",
          "ppad-nixpkgs",
          "flake-utils"
        ],
        "nixpkgs": [
          "ppad-bolt3",
          "ppad-bolt1",
          "ppad-nixpkgs",
          "nixpkgs"
        ],
        "ppad-base16": "ppad-base16",
        "ppad-nixpkgs": [
          "ppad-bolt3",
          "ppad-nixpkgs"
        ]
      },
      "locked": {
        "lastModified": 1783709539,
        "narHash": "sha256-bXqV4/qYZFbZeG8PHlnr+PVyTZ3E0ZIi+mgCu49iamw=",
        "ref": "master",
        "rev": "507af14c14be9fbaa27992357aa25e40c443daee",
        "revCount": 33,
        "type": "git",
        "url": "git://git.ppad.tech/bolt1.git"
      },
      "original": {
        "ref": "master",
        "type": "git",
        "url": "git://git.ppad.tech/bolt1.git"
      }
    },
    "ppad-bolt3": {
      "inputs": {
        "flake-utils": [
          "ppad-bolt3",
          "ppad-nixpkgs",
          "flake-utils"
        ],
        "nixpkgs": [
          "ppad-bolt3",
          "ppad-nixpkgs",
          "nixpkgs"
        ],
        "ppad-bolt1": "ppad-bolt1",
        "ppad-nixpkgs": [
          "ppad-nixpkgs"
        ],
        "ppad-ripemd160": [
          "ppad-ripemd160"
        ],
        "ppad-secp256k1": [
          "ppad-secp256k1"
        ],
        "ppad-sha256": [
          "ppad-sha256"
        ],
        "ppad-tx": [
          "ppad-tx"
        ]
      },
      "locked": {
        "lastModified": 1783709568,
        "narHash": "sha256-RA4jdJkMZatx9IZ6ri2XqQao24GQ1ZwxWH7ZKKSkJ14=",
        "ref": "master",
        "rev": "523aa8b203c356019e543a4e01bba28450d35020",
        "revCount": 54,
        "type": "git",
        "url": "git://git.ppad.tech/bolt3.git"
      },
      "original": {
        "ref": "master",
        "type": "git",
        "url": "git://git.ppad.tech/bolt3.git"
      }
    },
    "ppad-fixed": {
      "inputs": {
        "flake-utils": [
          "ppad-secp256k1",
          "ppad-fixed",
          "ppad-nixpkgs",
          "flake-utils"
        ],
        "nixpkgs": [
          "ppad-secp256k1",
          "ppad-fixed",
          "ppad-nixpkgs",
          "nixpkgs"
        ],
        "ppad-nixpkgs": [
          "ppad-secp256k1",
          "ppad-nixpkgs"
        ]
      },
      "locked": {
        "lastModified": 1780868194,
        "narHash": "sha256-Yd3J3gCNLE2vZVMMg1fD7aVpPySIbFqxtwskU6nD/mc=",
        "ref": "master",
        "rev": "74ebe44f818353129c5ec973a55c8bc487e2fd7b",
        "revCount": 297,
        "type": "git",
        "url": "git://git.ppad.tech/fixed.git"
      },
      "original": {
        "ref": "master",
        "type": "git",
        "url": "git://git.ppad.tech/fixed.git"
      }
    },
    "ppad-hmac-drbg": {
      "inputs": {
        "flake-utils": [
          "ppad-secp256k1",
          "ppad-hmac-drbg",
          "ppad-nixpkgs",
          "flake-utils"
        ],
        "nixpkgs": [
          "ppad-secp256k1",
          "ppad-hmac-drbg",
          "ppad-nixpkgs",
          "nixpkgs"
        ],
        "ppad-base16": [
          "ppad-secp256k1",
          "ppad-base16"
        ],
        "ppad-nixpkgs": [
          "ppad-secp256k1",
          "ppad-nixpkgs"
        ],
        "ppad-sha256": [
          "ppad-secp256k1",
          "ppad-sha256"
        ],
        "ppad-sha512": [
          "ppad-secp256k1",
          "ppad-sha512"
        ]
      },
      "locked": {
        "lastModified": 1783709384,
        "narHash": "sha256-NuIDRrjy8gmJ22CvXU1JpNIEZ+pmo9ZScifieJApAxM=",
        "owner": "ppad-tech",
        "repo": "hmac-drbg",
        "rev": "ff4f884296297eb7fa62f7e9326c094cdaf5f9cd",
        "type": "github"
      },
      "original": {
        "owner": "ppad-tech",
        "repo": "hmac-drbg",
        "type": "github"
      }
    },
    "ppad-nixpkgs": {
      "inputs": {
        "flake-utils": "flake-utils",
        "nixpkgs": "nixpkgs"
      },
      "locked": {
        "lastModified": 1766932084,
        "narHash": "sha256-GvVsbTfW+B7IQ9K/QP2xcXJAm1lhBin1jYZWNjOzT+o=",
        "ref": "master",
        "rev": "353e61763b959b960a55321a85423501e3e9ed7a",
        "revCount": 2,
        "type": "git",
        "url": "git://git.ppad.tech/nixpkgs.git"
      },
      "original": {
        "ref": "master",
        "type": "git",
        "url": "git://git.ppad.tech/nixpkgs.git"
      }
    },
    "ppad-ripemd160": {
      "inputs": {
        "flake-utils": [
          "ppad-ripemd160",
          "ppad-nixpkgs",
          "flake-utils"
        ],
        "nixpkgs": [
          "ppad-ripemd160",
          "ppad-nixpkgs",
          "nixpkgs"
        ],
        "ppad-base16": "ppad-base16_2",
        "ppad-nixpkgs": [
          "ppad-nixpkgs"
        ]
      },
      "locked": {
        "lastModified": 1783709338,
        "narHash": "sha256-Fsc+V8mIdanhmAjxgOI1aQ3326qVJ1eFs7pHXpV8DJk=",
        "ref": "master",
        "rev": "8d842afbc86a10cdd11df8cb863c186fe452c1e0",
        "revCount": 33,
        "type": "git",
        "url": "git://git.ppad.tech/ripemd160.git"
      },
      "original": {
        "ref": "master",
        "type": "git",
        "url": "git://git.ppad.tech/ripemd160.git"
      }
    },
    "ppad-secp256k1": {
      "inputs": {
        "flake-utils": [
          "ppad-secp256k1",
          "ppad-nixpkgs",
          "flake-utils"
        ],
        "nixpkgs": [
          "ppad-secp256k1",
          "ppad-nixpkgs",
          "nixpkgs"
        ],
        "ppad-base16": "ppad-base16_3",
        "ppad-fixed": "ppad-fixed",
        "ppad-hmac-drbg": "ppad-hmac-drbg",
        "ppad-nixpkgs": [
          "ppad-nixpkgs"
        ],
        "ppad-sha256": [
          "ppad-sha256"
        ],
        "ppad-sha512": "ppad-sha512"
      },
      "locked": {
        "lastModified": 1783709454,
        "narHash": "sha256-6BknM38fe2vFwWWRsBeebTt+hKwaZL0ib89XqPO6Y6U=",
        "ref": "master",
        "rev": "bc0d3792bcea0475ed2e4879747dbd0e0e6db3e7",
        "revCount": 266,
        "type": "git",
        "url": "git://git.ppad.tech/secp256k1.git"
      },
      "original": {
        "ref": "master",
        "type": "git",
        "url": "git://git.ppad.tech/secp256k1.git"
      }
    },
    "ppad-sha256": {
      "inputs": {
        "flake-utils": [
          "ppad-sha256",
          "ppad-nixpkgs",
          "flake-utils"
        ],
        "nixpkgs": [
          "ppad-sha256",
          "ppad-nixpkgs",
          "nixpkgs"
        ],
        "ppad-base16": "ppad-base16_4",
        "ppad-nixpkgs": [
          "ppad-nixpkgs"
        ]
      },
      "locked": {
        "lastModified": 1783709295,
        "narHash": "sha256-DLSBKK5BI4oh0uK0NFT1cvOb1QEY7lloM9tlTHSx53w=",
        "ref": "master",
        "rev": "db650924ddd0401828c9a28b454d630289377869",
        "revCount": 138,
        "type": "git",
        "url": "git://git.ppad.tech/sha256.git"
      },
      "original": {
        "ref": "master",
        "type": "git",
        "url": "git://git.ppad.tech/sha256.git"
      }
    },
    "ppad-sha512": {
      "inputs": {
        "flake-utils": [
          "ppad-secp256k1",
          "ppad-sha512",
          "ppad-nixpkgs",
          "flake-utils"
        ],
        "nixpkgs": [
          "ppad-secp256k1",
          "ppad-sha512",
          "ppad-nixpkgs",
          "nixpkgs"
        ],
        "ppad-base16": [
          "ppad-secp256k1",
          "ppad-base16"
        ],
        "ppad-nixpkgs": [
          "ppad-secp256k1",
          "ppad-nixpkgs"
        ]
      },
      "locked": {
        "lastModified": 1783709328,
        "narHash": "sha256-M7Ts5a6600sauWlQZ2NHR+qpQMv0DCEPoCrNpcZAqVo=",
        "ref": "master",
        "rev": "287fb14136592acd6c510ae69b645e77335a214c",
        "revCount": 58,
        "type": "git",
        "url": "git://git.ppad.tech/sha512.git"
      },
      "original": {
        "ref": "master",
        "type": "git",
        "url": "git://git.ppad.tech/sha512.git"
      }
    },
    "ppad-tx": {
      "inputs": {
        "flake-utils": [
          "ppad-tx",
          "ppad-nixpkgs",
          "flake-utils"
        ],
        "nixpkgs": [
          "ppad-tx",
          "ppad-nixpkgs",
          "nixpkgs"
        ],
        "ppad-base16": "ppad-base16_5",
        "ppad-nixpkgs": [
          "ppad-nixpkgs"
        ],
        "ppad-sha256": [
          "ppad-sha256"
        ]
      },
      "locked": {
        "lastModified": 1783709517,
        "narHash": "sha256-iNne+qla9/ntt62Z+i9HR4QH99l/tUZCTD8i45sX0iY=",
        "ref": "master",
        "rev": "0654d3f60af6e63109bf05224d15905fc5b70fc1",
        "revCount": 31,
        "type": "git",
        "url": "git://git.ppad.tech/tx.git"
      },
      "original": {
        "ref": "master",
        "type": "git",
        "url": "git://git.ppad.tech/tx.git"
      }
    },
    "root": {
      "inputs": {
        "flake-utils": [
          "ppad-nixpkgs",
          "flake-utils"
        ],
        "nixpkgs": [
          "ppad-nixpkgs",
          "nixpkgs"
        ],
        "ppad-bolt3": "ppad-bolt3",
        "ppad-nixpkgs": "ppad-nixpkgs",
        "ppad-ripemd160": "ppad-ripemd160",
        "ppad-secp256k1": "ppad-secp256k1",
        "ppad-sha256": "ppad-sha256",
        "ppad-tx": "ppad-tx"
      }
    },
    "systems": {
      "locked": {
        "lastModified": 1681028828,
        "narHash": "sha256-Vy1rq5AaRuLzOxct8nz4T6wlgyUR7zLU309k9mBC768=",
        "owner": "nix-systems",
        "repo": "default",
        "rev": "da67096a3b9bf56a91d16901293e51ba5b49a27e",
        "type": "github"
      },
      "original": {
        "owner": "nix-systems",
        "repo": "default",
        "type": "github"
      }
    }
  },
  "root": "root",
  "version": 7
}
